{
  "name": "@effectful/es",
  "version": "0.0.0",
  "lockfileVersion": 1,
  "requires": true,
  "dependencies": {
    "@effectful/es-rt": {
      "version": "file:../es-rt",
      "dev": true,
      "dependencies": {
        "rollup": {
          "version": "0.50.0",
          "bundled": true
        }
      }
    }
  }
}
